
Microsoft Visual Studio Solution File, Format Version 12.00
# Visual Studio 15
VisualStudioVersion = 15.0.27130.2027
MinimumVisualStudioVersion = 10.0.40219.1
Project("{FAE04EC0-301F-11D3-BF4B-00C04F79EFBC}") = "PerpetuumMusica", "PerpetuumMusica\PerpetuumMusica.csproj", "{41E14C9C-3D3F-4DBA-AF78-8CD4BC77CF5A}"
EndProject
Project("{FAE04EC0-301F-11D3-BF4B-00C04F79EFBC}") = "Audio Player", "Audio Player\Audio Player.csproj", "{9485415C-5117-40F6-A97E-E927C839EDCF}"
EndProject
Global
	GlobalSection(SolutionConfigurationPlatforms) = preSolution
		Debug|Any CPU = Debug|Any CPU
		Release|Any CPU = Release|Any CPU
	EndGlobalSection
	GlobalSection(ProjectConfigurationPlatforms) = postSolution
		{41E14C9C-3D3F-4DBA-AF78-8CD4BC77CF5A}.Debug|Any CPU.ActiveCfg = Debug|Any CPU
		{41E14C9C-3D3F-4DBA-AF78-8CD4BC77CF5A}.Debug|Any CPU.Build.0 = Debug|Any CPU
		{41E14C9C-3D3F-4DBA-AF78-8CD4BC77CF5A}.Release|Any CPU.ActiveCfg = Release|Any CPU
		{41E14C9C-3D3F-4DBA-AF78-8CD4BC77CF5A}.Release|Any CPU.Build.0 = Release|Any CPU
		{9485415C-5117-40F6-A97E-E927C839EDCF}.Debug|Any CPU.ActiveCfg = Debug|Any CPU
		{9485415C-5117-40F6-A97E-E927C839EDCF}.Debug|Any CPU.Build.0 = Debug|Any CPU
		{9485415C-5117-40F6-A97E-E927C839EDCF}.Release|Any CPU.ActiveCfg = Release|Any CPU
		{9485415C-5117-40F6-A97E-E927C839EDCF}.Release|Any CPU.Build.0 = Release|Any CPU
	EndGlobalSection
	GlobalSection(SolutionProperties) = preSolution
		HideSolutionNode = FALSE
	EndGlobalSection
	GlobalSection(ExtensibilityGlobals) = postSolution
		SolutionGuid = {A8C867D9-350C-4185-B28C-411C8ABC1176}
	EndGlobalSection
EndGlobal
